
Microsoft Visual Studio Solution File, Format Version 12.00
# Visual Studio 15
VisualStudioVersion = 15.0.28010.2041
MinimumVisualStudioVersion = 10.0.40219.1
Project("{FAE04EC0-301F-11D3-BF4B-00C04F79EFBC}") = "MainApp", "MainApp\MainApp.csproj", "{7280D431-EBE2-4641-B2B8-2CCCB1672130}"
EndProject
Global
	GlobalSection(SolutionConfigurationPlatforms) = preSolution
		Debug|Any CPU = Debug|Any CPU
		Debug|x86 = Debug|x86
		Release|Any CPU = Release|Any CPU
		Release|x86 = Release|x86
	EndGlobalSection
	GlobalSection(ProjectConfigurationPlatforms) = postSolution
		{7280D431-EBE2-4641-B2B8-2CCCB1672130}.Debug|Any CPU.ActiveCfg = Debug|Any CPU
		{7280D431-EBE2-4641-B2B8-2CCCB1672130}.Debug|Any CPU.Build.0 = Debug|Any CPU
		{7280D431-EBE2-4641-B2B8-2CCCB1672130}.Debug|x86.ActiveCfg = Debug|Any CPU
		{7280D431-EBE2-4641-B2B8-2CCCB1672130}.Debug|x86.Build.0 = Debug|Any CPU
		{7280D431-EBE2-4641-B2B8-2CCCB1672130}.Release|Any CPU.ActiveCfg = Release|Any CPU
		{7280D431-EBE2-4641-B2B8-2CCCB1672130}.Release|Any CPU.Build.0 = Release|Any CPU
		{7280D431-EBE2-4641-B2B8-2CCCB1672130}.Release|x86.ActiveCfg = Release|Any CPU
		{7280D431-EBE2-4641-B2B8-2CCCB1672130}.Release|x86.Build.0 = Release|Any CPU
	EndGlobalSection
	GlobalSection(SolutionProperties) = preSolution
		HideSolutionNode = FALSE
	EndGlobalSection
	GlobalSection(ExtensibilityGlobals) = postSolution
		SolutionGuid = {6599B3AA-9C7A-46E8-B404-94D87014154B}
	EndGlobalSection
EndGlobal
